// !$*UTF8*$!
{
	archiveVersion = 1;
	classes = {
	};
	objectVersion = 46;
	objects = {

/* Begin PBXBuildFile section */
		B3888FAE1A6E8BDE00FB803F /* main.m in Sources */ = {isa = PBXBuildFile; fileRef = B3888FAD1A6E8BDE00FB803F /* main.m */; };
		B3888FB11A6E8BDE00FB803F /* AppDelegate.m in Sources */ = {isa = PBXBuildFile; fileRef = B3888FB01A6E8BDE00FB803F /* AppDelegate.m */; };
		B3888FB41A6E8BDE00FB803F /* ViewController.m in Sources */ = {isa = PBXBuildFile; fileRef = B3888FB31A6E8BDE00FB803F /* ViewController.m */; };
		B3888FB71A6E8BDE00FB803F /* Main.storyboard in Resources */ = {isa = PBXBuildFile; fileRef = B3888FB51A6E8BDE00FB803F /* Main.storyboard */; };
		B3888FB91A6E8BDE00FB803F /* Images.xcassets in Resources */ = {isa = PBXBuildFile; fileRef = B3888FB81A6E8BDE00FB803F /* Images.xcassets */; };
		B3888FBC1A6E8BDE00FB803F /* LaunchScreen.xib in Resources */ = {isa = PBXBuildFile; fileRef = B3888FBA1A6E8BDE00FB803F /* LaunchScreen.xib */; };
		B3888FC81A6E8BDF00FB803F /* TestSqliteTests.m in Sources */ = {isa = PBXBuildFile; fileRef = B3888FC71A6E8BDF00FB803F /* TestSqliteTests.m */; };
		B3888FD21A6E8C0D00FB803F /* libsqlite3.0.dylib in Frameworks */ = {isa = PBXBuildFile; fileRef = B3888FD11A6E8C0D00FB803F /* libsqlite3.0.dylib */; };
		B3888FD81A6E8CB700FB803F /* QuestionDataBean.m in Sources */ = {isa = PBXBuildFile; fileRef = B3888FD71A6E8CB700FB803F /* QuestionDataBean.m */; };
		B3888FDC1A6E921900FB803F /* QuestionDatabase.m in Sources */ = {isa = PBXBuildFile; fileRef = B3888FDB1A6E921900FB803F /* QuestionDatabase.m */; };
		B3E24ED51A70DDCC008CB18B /* questionsDB.sqlite3 in Resources */ = {isa = PBXBuildFile; fileRef = B3E24ED41A70DDCC008CB18B /* questionsDB.sqlite3 */; };
/* End PBXBuildFile section */

/* Begin PBXContainerItemProxy section */
		B3888FC21A6E8BDE00FB803F /* PBXContainerItemProxy */ = {
			isa = PBXContainerItemProxy;
			containerPortal = B3888FA01A6E8BDE00FB803F /* Project object */;
			proxyType = 1;
			remoteGlobalIDString = B3888FA71A6E8BDE00FB803F;
			remoteInfo = TestSqlite;
		};
/* End PBXContainerItemProxy section */

/* Begin PBXFileReference section */
		B3888FA81A6E8BDE00FB803F /* TestSqlite.app */ = {isa = PBXFileReference; explicitFileType = wrapper.application; includeInIndex = 0; path = TestSqlite.app; sourceTree = BUILT_PRODUCTS_DIR; };
		B3888FAC1A6E8BDE00FB803F /* Info.plist */ = {isa = PBXFileReference; lastKnownFileType = text.plist.xml; path = Info.plist; sourceTree = "<group>"; };
		B3888FAD1A6E8BDE00FB803F /* main.m */ = {isa = PBXFileReference; lastKnownFileType = sourcecode.c.objc; path = main.m; sourceTree = "<group>"; };
		B3888FAF1A6E8BDE00FB803F /* AppDelegate.h */ = {isa = PBXFileReference; lastKnownFileType = sourcecode.c.h; path = AppDelegate.h; sourceTree = "<group>"; };
		B3888FB01A6E8BDE00FB803F /* AppDelegate.m */ = {isa = PBXFileReference; lastKnownFileType = sourcecode.c.objc; path = AppDelegate.m; sourceTree = "<group>"; };
		B3888FB21A6E8BDE00FB803F /* ViewController.h */ = {isa = PBXFileReference; lastKnownFileType = sourcecode.c.h; path = ViewController.h; sourceTree = "<group>"; };
		B3888FB31A6E8BDE00FB803F /* ViewController.m */ = {isa = PBXFileReference; lastKnownFileType = sourcecode.c.objc; path = ViewController.m; sourceTree = "<group>"; };
		B3888FB61A6E8BDE00FB803F /* Base */ = {isa = PBXFileReference; lastKnownFileType = file.storyboard; name = Base; path = Base.lproj/Main.storyboard; sourceTree = "<group>"; };
		B3888FB81A6E8BDE00FB803F /* Images.xcassets */ = {isa = PBXFileReference; lastKnownFileType = folder.assetcatalog; path = Images.xcassets; sourceTree = "<group>"; };
		B3888FBB1A6E8BDE00FB803F /* Base */ = {isa = PBXFileReference; lastKnownFileType = file.xib; name = Base; path = Base.lproj/LaunchScreen.xib; sourceTree = "<group>"; };
		B3888FC11A6E8BDE00FB803F /* TestSqliteTests.xctest */ = {isa = PBXFileReference; explicitFileType = wrapper.cfbundle; includeInIndex = 0; path = TestSqliteTests.xctest; sourceTree = BUILT_PRODUCTS_DIR; };
		B3888FC61A6E8BDF00FB803F /* Info.plist */ = {isa = PBXFileReference; lastKnownFileType = text.plist.xml; path = Info.plist; sourceTree = "<group>"; };
		B3888FC71A6E8BDF00FB803F /* TestSqliteTests.m */ = {isa = PBXFileReference; lastKnownFileType = sourcecode.c.objc; path = TestSqliteTests.m; sourceTree = "<group>"; };
		B3888FD11A6E8C0D00FB803F /* libsqlite3.0.dylib */ = {isa = PBXFileReference; lastKnownFileType = "compiled.mach-o.dylib"; name = libsqlite3.0.dylib; path = usr/lib/libsqlite3.0.dylib; sourceTree = SDKROOT; };
		B3888FD61A6E8CB700FB803F /* QuestionDataBean.h */ = {isa = PBXFileReference; fileEncoding = 4; lastKnownFileType = sourcecode.c.h; name = QuestionDataBean.h; path = BeanDatabase/QuestionDataBean.h; sourceTree = "<group>"; };
		B3888FD71A6E8CB700FB803F /* QuestionDataBean.m */ = {isa = PBXFileReference; fileEncoding = 4; lastKnownFileType = sourcecode.c.objc; name = QuestionDataBean.m; path = BeanDatabase/QuestionDataBean.m; sourceTree = "<group>"; };
		B3888FDA1A6E921900FB803F /* QuestionDatabase.h */ = {isa = PBXFileReference; fileEncoding = 4; lastKnownFileType = sourcecode.c.h; name = QuestionDatabase.h; path = DB/QuestionDatabase.h; sourceTree = "<group>"; };
		B3888FDB1A6E921900FB803F /* QuestionDatabase.m */ = {isa = PBXFileReference; fileEncoding = 4; lastKnownFileType = sourcecode.c.objc; name = QuestionDatabase.m; path = DB/QuestionDatabase.m; sourceTree = "<group>"; };
		B3E24ED41A70DDCC008CB18B /* questionsDB.sqlite3 */ = {isa = PBXFileReference; lastKnownFileType = file; path = questionsDB.sqlite3; sourceTree = "<group>"; };
/* End PBXFileReference section */

/* Begin PBXFrameworksBuildPhase section */
		B3888FA51A6E8BDE00FB803F /* Frameworks */ = {
			isa = PBXFrameworksBuildPhase;
			buildActionMask = 2147483647;
			files = (
				B3888FD21A6E8C0D00FB803F /* libsqlite3.0.dylib in Frameworks */,
			);
			runOnlyForDeploymentPostprocessing = 0;
		};
		B3888FBE1A6E8BDE00FB803F /* Frameworks */ = {
			isa = PBXFrameworksBuildPhase;
			buildActionMask = 2147483647;
			files = (
			);
			runOnlyForDeploymentPostprocessing = 0;
		};
/* End PBXFrameworksBuildPhase section */

/* Begin PBXGroup section */
		B3888F9F1A6E8BDE00FB803F = {
			isa = PBXGroup;
			children = (
				B3888FDF1A6E991A00FB803F /* Resources */,
				B3888FD11A6E8C0D00FB803F /* libsqlite3.0.dylib */,
				B3888FAA1A6E8BDE00FB803F /* TestSqlite */,
				B3888FC41A6E8BDF00FB803F /* TestSqliteTests */,
				B3888FA91A6E8BDE00FB803F /* Products */,
			);
			sourceTree = "<group>";
		};
		B3888FA91A6E8BDE00FB803F /* Products */ = {
			isa = PBXGroup;
			children = (
				B3888FA81A6E8BDE00FB803F /* TestSqlite.app */,
				B3888FC11A6E8BDE00FB803F /* TestSqliteTests.xctest */,
			);
			name = Products;
			sourceTree = "<group>";
		};
		B3888FAA1A6E8BDE00FB803F /* TestSqlite */ = {
			isa = PBXGroup;
			children = (
				B3888FD91A6E920100FB803F /* DB */,
				B3888FD51A6E8C8400FB803F /* BeanDatabase */,
				B3888FAF1A6E8BDE00FB803F /* AppDelegate.h */,
				B3888FB01A6E8BDE00FB803F /* AppDelegate.m */,
				B3888FB21A6E8BDE00FB803F /* ViewController.h */,
				B3888FB31A6E8BDE00FB803F /* ViewController.m */,
				B3888FB51A6E8BDE00FB803F /* Main.storyboard */,
				B3888FB81A6E8BDE00FB803F /* Images.xcassets */,
				B3888FBA1A6E8BDE00FB803F /* LaunchScreen.xib */,
				B3888FAB1A6E8BDE00FB803F /* Supporting Files */,
			);
			path = TestSqlite;
			sourceTree = "<group>";
		};
		B3888FAB1A6E8BDE00FB803F /* Supporting Files */ = {
			isa = PBXGroup;
			children = (
				B3888FAC1A6E8BDE00FB803F /* Info.plist */,
				B3888FAD1A6E8BDE00FB803F /* main.m */,
			);
			name = "Supporting Files";
			sourceTree = "<group>";
		};
		B3888FC41A6E8BDF00FB803F /* TestSqliteTests */ = {
			isa = PBXGroup;
			children = (
				B3888FC71A6E8BDF00FB803F /* TestSqliteTests.m */,
				B3888FC51A6E8BDF00FB803F /* Supporting Files */,
			);
			path = TestSqliteTests;
			sourceTree = "<group>";
		};
		B3888FC51A6E8BDF00FB803F /* Supporting Files */ = {
			isa = PBXGroup;
			children = (
				B3888FC61A6E8BDF00FB803F /* Info.plist */,
			);
			name = "Supporting Files";
			sourceTree = "<group>";
		};
		B3888FD51A6E8C8400FB803F /* BeanDatabase */ = {
			isa = PBXGroup;
			children = (
				B3888FD61A6E8CB700FB803F /* QuestionDataBean.h */,
				B3888FD71A6E8CB700FB803F /* QuestionDataBean.m */,
			);
			name = BeanDatabase;
			sourceTree = "<group>";
		};
		B3888FD91A6E920100FB803F /* DB */ = {
			isa = PBXGroup;
			children = (
				B3888FDA1A6E921900FB803F /* QuestionDatabase.h */,
				B3888FDB1A6E921900FB803F /* QuestionDatabase.m */,
			);
			name = DB;
			sourceTree = "<group>";
		};
		B3888FDF1A6E991A00FB803F /* Resources */ = {
			isa = PBXGroup;
			children = (
				B3E24ED41A70DDCC008CB18B /* questionsDB.sqlite3 */,
			);
			name = Resources;
			sourceTree = "<group>";
		};
/* End PBXGroup section */

/* Begin PBXNativeTarget section */
		B3888FA71A6E8BDE00FB803F /* TestSqlite */ = {
			isa = PBXNativeTarget;
			buildConfigurationList = B3888FCB1A6E8BDF00FB803F /* Build configuration list for PBXNativeTarget "TestSqlite" */;
			buildPhases = (
				B3888FA41A6E8BDE00FB803F /* Sources */,
				B3888FA51A6E8BDE00FB803F /* Frameworks */,
				B3888FA61A6E8BDE00FB803F /* Resources */,
			);
			buildRules = (
			);
			dependencies = (
			);
			name = TestSqlite;
			productName = TestSqlite;
			productReference = B3888FA81A6E8BDE00FB803F /* TestSqlite.app */;
			productType = "com.apple.product-type.application";
		};
		B3888FC01A6E8BDE00FB803F /* TestSqliteTests */ = {
			isa = PBXNativeTarget;
			buildConfigurationList = B3888FCE1A6E8BDF00FB803F /* Build configuration list for PBXNativeTarget "TestSqliteTests" */;
			buildPhases = (
				B3888FBD1A6E8BDE00FB803F /* Sources */,
				B3888FBE1A6E8BDE00FB803F /* Frameworks */,
				B3888FBF1A6E8BDE00FB803F /* Resources */,
			);
			buildRules = (
			);
			dependencies = (
				B3888FC31A6E8BDE00FB803F /* PBXTargetDependency */,
			);
			name = TestSqliteTests;
			productName = TestSqliteTests;
			productReference = B3888FC11A6E8BDE00FB803F /* TestSqliteTests.xctest */;
			productType = "com.apple.product-type.bundle.unit-test";
		};
/* End PBXNativeTarget section */

/* Begin PBXProject section */
		B3888FA01A6E8BDE00FB803F /* Project object */ = {
			isa = PBXProject;
			attributes = {
				LastUpgradeCheck = 0610;
				ORGANIZATIONNAME = "Beeline Softwares";
				TargetAttributes = {
					B3888FA71A6E8BDE00FB803F = {
						CreatedOnToolsVersion = 6.1;
					};
					B3888FC01A6E8BDE00FB803F = {
						CreatedOnToolsVersion = 6.1;
						TestTargetID = B3888FA71A6E8BDE00FB803F;
					};
				};
			};
			buildConfigurationList = B3888FA31A6E8BDE00FB803F /* Build configuration list for PBXProject "TestSqlite" */;
			compatibilityVersion = "Xcode 3.2";
			developmentRegion = English;
			hasScannedForEncodings = 0;
			knownRegions = (
				en,
				Base,
			);
			mainGroup = B3888F9F1A6E8BDE00FB803F;
			productRefGroup = B3888FA91A6E8BDE00FB803F /* Products */;
			projectDirPath = "";
			projectRoot = "";
			targets = (
				B3888FA71A6E8BDE00FB803F /* TestSqlite */,
				B3888FC01A6E8BDE00FB803F /* TestSqliteTests */,
			);
		};
/* End PBXProject section */

/* Begin PBXResourcesBuildPhase section */
		B3888FA61A6E8BDE00FB803F /* Resources */ = {
			isa = PBXResourcesBuildPhase;
			buildActionMask = 2147483647;
			files = (
				B3888FB71A6E8BDE00FB803F /* Main.storyboard in Resources */,
				B3888FBC1A6E8BDE00FB803F /* LaunchScreen.xib in Resources */,
				B3E24ED51A70DDCC008CB18B /* questionsDB.sqlite3 in Resources */,
				B3888FB91A6E8BDE00FB803F /* Images.xcassets in Resources */,
			);
			runOnlyForDeploymentPostprocessing = 0;
		};
		B3888FBF1A6E8BDE00FB803F /* Resources */ = {
			isa = PBXResourcesBuildPhase;
			buildActionMask = 2147483647;
			files = (
			);
			runOnlyForDeploymentPostprocessing = 0;
		};
/* End PBXResourcesBuildPhase section */

/* Begin PBXSourcesBuildPhase section */
		B3888FA41A6E8BDE00FB803F /* Sources */ = {
			isa = PBXSourcesBuildPhase;
			buildActionMask = 2147483647;
			files = (
				B3888FB41A6E8BDE00FB803F /* ViewController.m in Sources */,
				B3888FDC1A6E921900FB803F /* QuestionDatabase.m in Sources */,
				B3888FD81A6E8CB700FB803F /* QuestionDataBean.m in Sources */,
				B3888FB11A6E8BDE00FB803F /* AppDelegate.m in Sources */,
				B3888FAE1A6E8BDE00FB803F /* main.m in Sources */,
			);
			runOnlyForDeploymentPostprocessing = 0;
		};
		B3888FBD1A6E8BDE00FB803F /* Sources */ = {
			isa = PBXSourcesBuildPhase;
			buildActionMask = 2147483647;
			files = (
				B3888FC81A6E8BDF00FB803F /* TestSqliteTests.m in Sources */,
			);
			runOnlyForDeploymentPostprocessing = 0;
		};
/* End PBXSourcesBuildPhase section */

/* Begin PBXTargetDependency section */
		B3888FC31A6E8BDE00FB803F /* PBXTargetDependency */ = {
			isa = PBXTargetDependency;
			target = B3888FA71A6E8BDE00FB803F /* TestSqlite */;
			targetProxy = B3888FC21A6E8BDE00FB803F /* PBXContainerItemProxy */;
		};
/* End PBXTargetDependency section */

/* Begin PBXVariantGroup section */
		B3888FB51A6E8BDE00FB803F /* Main.storyboard */ = {
			isa = PBXVariantGroup;
			children = (
				B3888FB61A6E8BDE00FB803F /* Base */,
			);
			name = Main.storyboard;
			sourceTree = "<group>";
		};
		B3888FBA1A6E8BDE00FB803F /* LaunchScreen.xib */ = {
			isa = PBXVariantGroup;
			children = (
				B3888FBB1A6E8BDE00FB803F /* Base */,
			);
			name = LaunchScreen.xib;
			sourceTree = "<group>";
		};
/* End PBXVariantGroup section */

/* Begin XCBuildConfiguration section */
		B3888FC91A6E8BDF00FB803F /* Debug */ = {
			isa = XCBuildConfiguration;
			buildSettings = {
				ALWAYS_SEARCH_USER_PATHS = NO;
				CLANG_CXX_LANGUAGE_STANDARD = "gnu++0x";
				CLANG_CXX_LIBRARY = "libc++";
				CLANG_ENABLE_MODULES = YES;
				CLANG_ENABLE_OBJC_ARC = YES;
				CLANG_WARN_BOOL_CONVERSION = YES;
				CLANG_WARN_CONSTANT_CONVERSION = YES;
				CLANG_WARN_DIRECT_OBJC_ISA_USAGE = YES_ERROR;
				CLANG_WARN_EMPTY_BODY = YES;
				CLANG_WARN_ENUM_CONVERSION = YES;
				CLANG_WARN_INT_CONVERSION = YES;
				CLANG_WARN_OBJC_ROOT_CLASS = YES_ERROR;
				CLANG_WARN_UNREACHABLE_CODE = YES;
				CLANG_WARN__DUPLICATE_METHOD_MATCH = YES;
				"CODE_SIGN_IDENTITY[sdk=iphoneos*]" = "iPhone Developer";
				COPY_PHASE_STRIP = NO;
				ENABLE_STRICT_OBJC_MSGSEND = YES;
				GCC_C_LANGUAGE_STANDARD = gnu99;
				GCC_DYNAMIC_NO_PIC = NO;
				GCC_OPTIMIZATION_LEVEL = 0;
				GCC_PREPROCESSOR_DEFINITIONS = (
					"DEBUG=1",
					"$(inherited)",
				);
				GCC_SYMBOLS_PRIVATE_EXTERN = NO;
				GCC_WARN_64_TO_32_BIT_CONVERSION = YES;
				GCC_WARN_ABOUT_RETURN_TYPE = YES_ERROR;
				GCC_WARN_UNDECLARED_SELECTOR = YES;
				GCC_WARN_UNINITIALIZED_AUTOS = YES_AGGRESSIVE;
				GCC_WARN_UNUSED_FUNCTION = YES;
				GCC_WARN_UNUSED_VARIABLE = YES;
				IPHONEOS_DEPLOYMENT_TARGET = 8.1;
				MTL_ENABLE_DEBUG_INFO = YES;
				ONLY_ACTIVE_ARCH = YES;
				SDKROOT = iphoneos;
			};
			name = Debug;
		};
		B3888FCA1A6E8BDF00FB803F /* Release */ = {
			isa = XCBuildConfiguration;
			buildSettings = {
				ALWAYS_SEARCH_USER_PATHS = NO;
				CLANG_CXX_LANGUAGE_STANDARD = "gnu++0x";
				CLANG_CXX_LIBRARY = "libc++";
				CLANG_ENABLE_MODULES = YES;
				CLANG_ENABLE_OBJC_ARC = YES;
				CLANG_WARN_BOOL_CONVERSION = YES;
				CLANG_WARN_CONSTANT_CONVERSION = YES;
				CLANG_WARN_DIRECT_OBJC_ISA_USAGE = YES_ERROR;
				CLANG_WARN_EMPTY_BODY = YES;
				CLANG_WARN_ENUM_CONVERSION = YES;
				CLANG_WARN_INT_CONVERSION = YES;
				CLANG_WARN_OBJC_ROOT_CLASS = YES_ERROR;
				CLANG_WARN_UNREACHABLE_CODE = YES;
				CLANG_WARN__DUPLICATE_METHOD_MATCH = YES;
				"CODE_SIGN_IDENTITY[sdk=iphoneos*]" = "iPhone Developer";
				COPY_PHASE_STRIP = YES;
				ENABLE_NS_ASSERTIONS = NO;
				ENABLE_STRICT_OBJC_MSGSEND = YES;
				GCC_C_LANGUAGE_STANDARD = gnu99;
				GCC_WARN_64_TO_32_BIT_CONVERSION = YES;
				GCC_WARN_ABOUT_RETURN_TYPE = YES_ERROR;
				GCC_WARN_UNDECLARED_SELECTOR = YES;
				GCC_WARN_UNINITIALIZED_AUTOS = YES_AGGRESSIVE;
				GCC_WARN_UNUSED_FUNCTION = YES;
				GCC_WARN_UNUSED_VARIABLE = YES;
				IPHONEOS_DEPLOYMENT_TARGET = 8.1;
				MTL_ENABLE_DEBUG_INFO = NO;
				SDKROOT = iphoneos;
				VALIDATE_PRODUCT = YES;
			};
			name = Release;
		};
		B3888FCC1A6E8BDF00FB803F /* Debug */ = {
			isa = XCBuildConfiguration;
			buildSettings = {
				ASSETCATALOG_COMPILER_APPICON_NAME = AppIcon;
				INFOPLIST_FILE = TestSqlite/Info.plist;
				LD_RUNPATH_SEARCH_PATHS = "$(inherited) @executable_path/Frameworks";
				PRODUCT_NAME = "$(TARGET_NAME)";
			};
			name = Debug;
		};
		B3888FCD1A6E8BDF00FB803F /* Release */ = {
			isa = XCBuildConfiguration;
			buildSettings = {
				ASSETCATALOG_COMPILER_APPICON_NAME = AppIcon;
				INFOPLIST_FILE = TestSqlite/Info.plist;
				LD_RUNPATH_SEARCH_PATHS = "$(inherited) @executable_path/Frameworks";
				PRODUCT_NAME = "$(TARGET_NAME)";
			};
			name = Release;
		};
		B3888FCF1A6E8BDF00FB803F /* Debug */ = {
			isa = XCBuildConfiguration;
			buildSettings = {
				BUNDLE_LOADER = "$(TEST_HOST)";
				FRAMEWORK_SEARCH_PATHS = (
					"$(SDKROOT)/Developer/Library/Frameworks",
					"$(inherited)",
				);
				GCC_PREPROCESSOR_DEFINITIONS = (
					"DEBUG=1",
					"$(inherited)",
				);
				INFOPLIST_FILE = TestSqliteTests/Info.plist;
				LD_RUNPATH_SEARCH_PATHS = "$(inherited) @executable_path/Frameworks @loader_path/Frameworks";
				PRODUCT_NAME = "$(TARGET_NAME)";
				TEST_HOST = "$(BUILT_PRODUCTS_DIR)/TestSqlite.app/TestSqlite";
			};
			name = Debug;
		};
		B3888FD01A6E8BDF00FB803F /* Release */ = {
			isa = XCBuildConfiguration;
			buildSettings = {
				BUNDLE_LOADER = "$(TEST_HOST)";
				FRAMEWORK_SEARCH_PATHS = (
					"$(SDKROOT)/Developer/Library/Frameworks",
					"$(inherited)",
				);
				INFOPLIST_FILE = TestSqliteTests/Info.plist;
				LD_RUNPATH_SEARCH_PATHS = "$(inherited) @executable_path/Frameworks @loader_path/Frameworks";
				PRODUCT_NAME = "$(TARGET_NAME)";
				TEST_HOST = "$(BUILT_PRODUCTS_DIR)/TestSqlite.app/TestSqlite";
			};
			name = Release;
		};
/* End XCBuildConfiguration section */

/* Begin XCConfigurationList section */
		B3888FA31A6E8BDE00FB803F /* Build configuration list for PBXProject "TestSqlite" */ = {
			isa = XCConfigurationList;
			buildConfigurations = (
				B3888FC91A6E8BDF00FB803F /* Debug */,
				B3888FCA1A6E8BDF00FB803F /* Release */,
			);
			defaultConfigurationIsVisible = 0;
			defaultConfigurationName = Release;
		};
		B3888FCB1A6E8BDF00FB803F /* Build configuration list for PBXNativeTarget "TestSqlite" */ = {
			isa = XCConfigurationList;
			buildConfigurations = (
				B3888FCC1A6E8BDF00FB803F /* Debug */,
				B3888FCD1A6E8BDF00FB803F /* Release */,
			);
			defaultConfigurationIsVisible = 0;
			defaultConfigurationName = Release;
		};
		B3888FCE1A6E8BDF00FB803F /* Build configuration list for PBXNativeTarget "TestSqliteTests" */ = {
			isa = XCConfigurationList;
			buildConfigurations = (
				B3888FCF1A6E8BDF00FB803F /* Debug */,
				B3888FD01A6E8BDF00FB803F /* Release */,
			);
			defaultConfigurationIsVisible = 0;
			defaultConfigurationName = Release;
		};
/* End XCConfigurationList section */
	};
	rootObject = B3888FA01A6E8BDE00FB803F /* Project object */;
}
